// !$*UTF8*$!
{
	archiveVersion = 1;
	classes = {
	};
	objectVersion = 46;
	objects = {

/* Begin PBXBuildFile section */
		0647AA582D20B348D81B7F99 /* Pods_FinalProject.framework in Frameworks */ = {isa = PBXBuildFile; fileRef = DD042307CD338B6159B1FD75 /* Pods_FinalProject.framework */; };
		495D053D1EB0E46200E8C293 /* SideMenuTableViewController.swift in Sources */ = {isa = PBXBuildFile; fileRef = 495D053C1EB0E46200E8C293 /* SideMenuTableViewController.swift */; };
		495D05401EB0F6BB00E8C293 /* UserInfoTableViewController.swift in Sources */ = {isa = PBXBuildFile; fileRef = 495D053F1EB0F6BB00E8C293 /* UserInfoTableViewController.swift */; };
		495D05431EB0F6F300E8C293 /* ConnectionUsTableViewController.swift in Sources */ = {isa = PBXBuildFile; fileRef = 495D05421EB0F6F300E8C293 /* ConnectionUsTableViewController.swift */; };
		495D05461EB0F74400E8C293 /* SettingTableViewController.swift in Sources */ = {isa = PBXBuildFile; fileRef = 495D05451EB0F74400E8C293 /* SettingTableViewController.swift */; };
		495D05481EB0F75900E8C293 /* SettingTableViewCell.swift in Sources */ = {isa = PBXBuildFile; fileRef = 495D05471EB0F75900E8C293 /* SettingTableViewCell.swift */; };
		8005DD861EAE12E8008C1C46 /* DetailViewController.swift in Sources */ = {isa = PBXBuildFile; fileRef = 8005DD851EAE12E8008C1C46 /* DetailViewController.swift */; };
		8005DD881EAE15E1008C1C46 /* StudentsCollectionViewController.swift in Sources */ = {isa = PBXBuildFile; fileRef = 8005DD871EAE15E1008C1C46 /* StudentsCollectionViewController.swift */; };
		8005DD8A1EAE173A008C1C46 /* StudentsCollectionViewCell.swift in Sources */ = {isa = PBXBuildFile; fileRef = 8005DD891EAE173A008C1C46 /* StudentsCollectionViewCell.swift */; };
		800732791EB62B4C0019EC52 /* OnlineGmViewController.swift in Sources */ = {isa = PBXBuildFile; fileRef = 800732781EB62B4C0019EC52 /* OnlineGmViewController.swift */; };
		802047981EBF394700DB582A /* FeedbackTableViewCell.swift in Sources */ = {isa = PBXBuildFile; fileRef = 802047971EBF394700DB582A /* FeedbackTableViewCell.swift */; };
		802877131EB46A66009451F8 /* GoogleService-Info.plist in Resources */ = {isa = PBXBuildFile; fileRef = 802877121EB46A66009451F8 /* GoogleService-Info.plist */; };
		80E775041EAC6EEC009E553A /* AppDelegate.swift in Sources */ = {isa = PBXBuildFile; fileRef = 80E775031EAC6EEC009E553A /* AppDelegate.swift */; };
		80E775061EAC6EEC009E553A /* LoginController.swift in Sources */ = {isa = PBXBuildFile; fileRef = 80E775051EAC6EEC009E553A /* LoginController.swift */; };
		80E775091EAC6EEC009E553A /* Main.storyboard in Resources */ = {isa = PBXBuildFile; fileRef = 80E775071EAC6EEC009E553A /* Main.storyboard */; };
		80E7750B1EAC6EEC009E553A /* Assets.xcassets in Resources */ = {isa = PBXBuildFile; fileRef = 80E7750A1EAC6EEC009E553A /* Assets.xcassets */; };
		80E7750E1EAC6EEC009E553A /* LaunchScreen.storyboard in Resources */ = {isa = PBXBuildFile; fileRef = 80E7750C1EAC6EEC009E553A /* LaunchScreen.storyboard */; };
		80E775181EAC7BC4009E553A /* Library.swift in Sources */ = {isa = PBXBuildFile; fileRef = 80E775171EAC7BC4009E553A /* Library.swift */; };
		80E7751A1EAC7EFB009E553A /* Auth.swift in Sources */ = {isa = PBXBuildFile; fileRef = 80E775191EAC7EFB009E553A /* Auth.swift */; };
		80E7751C1EAC85CB009E553A /* ExamListTableViewController.swift in Sources */ = {isa = PBXBuildFile; fileRef = 80E7751B1EAC85CB009E553A /* ExamListTableViewController.swift */; };
		80E7751E1EAC86C0009E553A /* MainViewController.swift in Sources */ = {isa = PBXBuildFile; fileRef = 80E7751D1EAC86C0009E553A /* MainViewController.swift */; };
		80E775201EAC87EE009E553A /* LessonTableViewController.swift in Sources */ = {isa = PBXBuildFile; fileRef = 80E7751F1EAC87EE009E553A /* LessonTableViewController.swift */; };
		80E775221EAC8CBA009E553A /* MainData.swift in Sources */ = {isa = PBXBuildFile; fileRef = 80E775211EAC8CBA009E553A /* MainData.swift */; };
		80E775241EAC94E0009E553A /* MainCollectionViewCell.swift in Sources */ = {isa = PBXBuildFile; fileRef = 80E775231EAC94E0009E553A /* MainCollectionViewCell.swift */; };
		80E775261EAC96AD009E553A /* MainCollectionViewCell.xib in Resources */ = {isa = PBXBuildFile; fileRef = 80E775251EAC96AD009E553A /* MainCollectionViewCell.xib */; };
		80E7752A1EACA6EC009E553A /* DetailTableViewController.swift in Sources */ = {isa = PBXBuildFile; fileRef = 80E775291EACA6EC009E553A /* DetailTableViewController.swift */; };
/* End PBXBuildFile section */

/* Begin PBXFileReference section */
		495D053C1EB0E46200E8C293 /* SideMenuTableViewController.swift */ = {isa = PBXFileReference; fileEncoding = 4; lastKnownFileType = sourcecode.swift; path = SideMenuTableViewController.swift; sourceTree = "<group>"; };
		495D053F1EB0F6BB00E8C293 /* UserInfoTableViewController.swift */ = {isa = PBXFileReference; fileEncoding = 4; lastKnownFileType = sourcecode.swift; path = UserInfoTableViewController.swift; sourceTree = "<group>"; };
		495D05421EB0F6F300E8C293 /* ConnectionUsTableViewController.swift */ = {isa = PBXFileReference; fileEncoding = 4; lastKnownFileType = sourcecode.swift; path = ConnectionUsTableViewController.swift; sourceTree = "<group>"; };
		495D05451EB0F74400E8C293 /* SettingTableViewController.swift */ = {isa = PBXFileReference; fileEncoding = 4; lastKnownFileType = sourcecode.swift; path = SettingTableViewController.swift; sourceTree = "<group>"; };
		495D05471EB0F75900E8C293 /* SettingTableViewCell.swift */ = {isa = PBXFileReference; fileEncoding = 4; lastKnownFileType = sourcecode.swift; path = SettingTableViewCell.swift; sourceTree = "<group>"; };
		634BDE4B6E1CACA76F1C8AD7 /* Pods-FinalProject.debug.xcconfig */ = {isa = PBXFileReference; includeInIndex = 1; lastKnownFileType = text.xcconfig; name = "Pods-FinalProject.debug.xcconfig"; path = "Pods/Target Support Files/Pods-FinalProject/Pods-FinalProject.debug.xcconfig"; sourceTree = "<group>"; };
		6636096D8305B7067CBEF674 /* Pods-FinalProject.release.xcconfig */ = {isa = PBXFileReference; includeInIndex = 1; lastKnownFileType = text.xcconfig; name = "Pods-FinalProject.release.xcconfig"; path = "Pods/Target Support Files/Pods-FinalProject/Pods-FinalProject.release.xcconfig"; sourceTree = "<group>"; };
		8005DD851EAE12E8008C1C46 /* DetailViewController.swift */ = {isa = PBXFileReference; fileEncoding = 4; lastKnownFileType = sourcecode.swift; path = DetailViewController.swift; sourceTree = "<group>"; };
		8005DD871EAE15E1008C1C46 /* StudentsCollectionViewController.swift */ = {isa = PBXFileReference; fileEncoding = 4; lastKnownFileType = sourcecode.swift; path = StudentsCollectionViewController.swift; sourceTree = "<group>"; };
		8005DD891EAE173A008C1C46 /* StudentsCollectionViewCell.swift */ = {isa = PBXFileReference; fileEncoding = 4; lastKnownFileType = sourcecode.swift; path = StudentsCollectionViewCell.swift; sourceTree = "<group>"; };
		800732781EB62B4C0019EC52 /* OnlineGmViewController.swift */ = {isa = PBXFileReference; fileEncoding = 4; lastKnownFileType = sourcecode.swift; path = OnlineGmViewController.swift; sourceTree = "<group>"; };
		802047971EBF394700DB582A /* FeedbackTableViewCell.swift */ = {isa = PBXFileReference; fileEncoding = 4; lastKnownFileType = sourcecode.swift; path = FeedbackTableViewCell.swift; sourceTree = "<group>"; };
		802877121EB46A66009451F8 /* GoogleService-Info.plist */ = {isa = PBXFileReference; fileEncoding = 4; lastKnownFileType = text.plist.xml; path = "GoogleService-Info.plist"; sourceTree = "<group>"; };
		802877141EB46B50009451F8 /* FinalProject.entitlements */ = {isa = PBXFileReference; lastKnownFileType = text.plist.entitlements; path = FinalProject.entitlements; sourceTree = "<group>"; };
		80E775001EAC6EEC009E553A /* FinalProject.app */ = {isa = PBXFileReference; explicitFileType = wrapper.application; includeInIndex = 0; path = FinalProject.app; sourceTree = BUILT_PRODUCTS_DIR; };
		80E775031EAC6EEC009E553A /* AppDelegate.swift */ = {isa = PBXFileReference; lastKnownFileType = sourcecode.swift; path = AppDelegate.swift; sourceTree = "<group>"; };
		80E775051EAC6EEC009E553A /* LoginController.swift */ = {isa = PBXFileReference; lastKnownFileType = sourcecode.swift; path = LoginController.swift; sourceTree = "<group>"; };
		80E775081EAC6EEC009E553A /* Base */ = {isa = PBXFileReference; lastKnownFileType = file.storyboard; name = Base; path = Base.lproj/Main.storyboard; sourceTree = "<group>"; };
		80E7750A1EAC6EEC009E553A /* Assets.xcassets */ = {isa = PBXFileReference; lastKnownFileType = folder.assetcatalog; path = Assets.xcassets; sourceTree = "<group>"; };
		80E7750D1EAC6EEC009E553A /* Base */ = {isa = PBXFileReference; lastKnownFileType = file.storyboard; name = Base; path = Base.lproj/LaunchScreen.storyboard; sourceTree = "<group>"; };
		80E7750F1EAC6EEC009E553A /* Info.plist */ = {isa = PBXFileReference; lastKnownFileType = text.plist.xml; path = Info.plist; sourceTree = "<group>"; };
		80E775171EAC7BC4009E553A /* Library.swift */ = {isa = PBXFileReference; fileEncoding = 4; lastKnownFileType = sourcecode.swift; path = Library.swift; sourceTree = "<group>"; };
		80E775191EAC7EFB009E553A /* Auth.swift */ = {isa = PBXFileReference; fileEncoding = 4; lastKnownFileType = sourcecode.swift; path = Auth.swift; sourceTree = "<group>"; };
		80E7751B1EAC85CB009E553A /* ExamListTableViewController.swift */ = {isa = PBXFileReference; fileEncoding = 4; lastKnownFileType = sourcecode.swift; path = ExamListTableViewController.swift; sourceTree = "<group>"; };
		80E7751D1EAC86C0009E553A /* MainViewController.swift */ = {isa = PBXFileReference; fileEncoding = 4; lastKnownFileType = sourcecode.swift; path = MainViewController.swift; sourceTree = "<group>"; };
		80E7751F1EAC87EE009E553A /* LessonTableViewController.swift */ = {isa = PBXFileReference; fileEncoding = 4; lastKnownFileType = sourcecode.swift; path = LessonTableViewController.swift; sourceTree = "<group>"; };
		80E775211EAC8CBA009E553A /* MainData.swift */ = {isa = PBXFileReference; fileEncoding = 4; lastKnownFileType = sourcecode.swift; path = MainData.swift; sourceTree = "<group>"; };
		80E775231EAC94E0009E553A /* MainCollectionViewCell.swift */ = {isa = PBXFileReference; fileEncoding = 4; lastKnownFileType = sourcecode.swift; path = MainCollectionViewCell.swift; sourceTree = "<group>"; };
		80E775251EAC96AD009E553A /* MainCollectionViewCell.xib */ = {isa = PBXFileReference; fileEncoding = 4; lastKnownFileType = file.xib; path = MainCollectionViewCell.xib; sourceTree = "<group>"; };
		80E775291EACA6EC009E553A /* DetailTableViewController.swift */ = {isa = PBXFileReference; fileEncoding = 4; lastKnownFileType = sourcecode.swift; path = DetailTableViewController.swift; sourceTree = "<group>"; };
		DD042307CD338B6159B1FD75 /* Pods_FinalProject.framework */ = {isa = PBXFileReference; explicitFileType = wrapper.framework; includeInIndex = 0; path = Pods_FinalProject.framework; sourceTree = BUILT_PRODUCTS_DIR; };
/* End PBXFileReference section */

/* Begin PBXFrameworksBuildPhase section */
		80E774FD1EAC6EEC009E553A /* Frameworks */ = {
			isa = PBXFrameworksBuildPhase;
			buildActionMask = 2147483647;
			files = (
				0647AA582D20B348D81B7F99 /* Pods_FinalProject.framework in Frameworks */,
			);
			runOnlyForDeploymentPostprocessing = 0;
		};
/* End PBXFrameworksBuildPhase section */

/* Begin PBXGroup section */
		48203C4DE7EAA47F6B51D283 /* Frameworks */ = {
			isa = PBXGroup;
			children = (
				DD042307CD338B6159B1FD75 /* Pods_FinalProject.framework */,
			);
			name = Frameworks;
			sourceTree = "<group>";
		};
		495D053B1EB0E44800E8C293 /* SideMenu */ = {
			isa = PBXGroup;
			children = (
				495D053C1EB0E46200E8C293 /* SideMenuTableViewController.swift */,
				495D05441EB0F6FB00E8C293 /* Setting */,
				495D05411EB0F6C300E8C293 /* ConnectionUs */,
				495D053E1EB0F67A00E8C293 /* UserInfo */,
				800732771EB62A510019EC52 /* onlineGM */,
			);
			name = SideMenu;
			path = ..;
			sourceTree = "<group>";
		};
		495D053E1EB0F67A00E8C293 /* UserInfo */ = {
			isa = PBXGroup;
			children = (
				495D053F1EB0F6BB00E8C293 /* UserInfoTableViewController.swift */,
			);
			name = UserInfo;
			sourceTree = "<group>";
		};
		495D05411EB0F6C300E8C293 /* ConnectionUs */ = {
			isa = PBXGroup;
			children = (
				495D05421EB0F6F300E8C293 /* ConnectionUsTableViewController.swift */,
			);
			name = ConnectionUs;
			sourceTree = "<group>";
		};
		495D05441EB0F6FB00E8C293 /* Setting */ = {
			isa = PBXGroup;
			children = (
				495D05451EB0F74400E8C293 /* SettingTableViewController.swift */,
				495D05471EB0F75900E8C293 /* SettingTableViewCell.swift */,
			);
			name = Setting;
			sourceTree = "<group>";
		};
		800732771EB62A510019EC52 /* onlineGM */ = {
			isa = PBXGroup;
			children = (
				800732781EB62B4C0019EC52 /* OnlineGmViewController.swift */,
			);
			name = onlineGM;
			sourceTree = "<group>";
		};
		80E774F71EAC6EEC009E553A = {
			isa = PBXGroup;
			children = (
				80E775021EAC6EEC009E553A /* FinalProject */,
				80E775011EAC6EEC009E553A /* Products */,
				E3848A0B5A83F06B7941D893 /* Pods */,
				48203C4DE7EAA47F6B51D283 /* Frameworks */,
			);
			sourceTree = "<group>";
		};
		80E775011EAC6EEC009E553A /* Products */ = {
			isa = PBXGroup;
			children = (
				80E775001EAC6EEC009E553A /* FinalProject.app */,
			);
			name = Products;
			sourceTree = "<group>";
		};
		80E775021EAC6EEC009E553A /* FinalProject */ = {
			isa = PBXGroup;
			children = (
				802877141EB46B50009451F8 /* FinalProject.entitlements */,
				80E775031EAC6EEC009E553A /* AppDelegate.swift */,
				80E775211EAC8CBA009E553A /* MainData.swift */,
				80E775171EAC7BC4009E553A /* Library.swift */,
				80E775191EAC7EFB009E553A /* Auth.swift */,
				495D053B1EB0E44800E8C293 /* SideMenu */,
				80E775281EACA001009E553A /* Login */,
				80E775271EAC9FDA009E553A /* MainList */,
				8005DD851EAE12E8008C1C46 /* DetailViewController.swift */,
				80E775291EACA6EC009E553A /* DetailTableViewController.swift */,
				8005DD871EAE15E1008C1C46 /* StudentsCollectionViewController.swift */,
				8005DD891EAE173A008C1C46 /* StudentsCollectionViewCell.swift */,
				80E775071EAC6EEC009E553A /* Main.storyboard */,
				80E7750A1EAC6EEC009E553A /* Assets.xcassets */,
				80E7750C1EAC6EEC009E553A /* LaunchScreen.storyboard */,
				80E7750F1EAC6EEC009E553A /* Info.plist */,
				802877121EB46A66009451F8 /* GoogleService-Info.plist */,
			);
			path = FinalProject;
			sourceTree = "<group>";
		};
		80E775271EAC9FDA009E553A /* MainList */ = {
			isa = PBXGroup;
			children = (
				80E7751D1EAC86C0009E553A /* MainViewController.swift */,
				80E775231EAC94E0009E553A /* MainCollectionViewCell.swift */,
				80E775251EAC96AD009E553A /* MainCollectionViewCell.xib */,
				80E7751B1EAC85CB009E553A /* ExamListTableViewController.swift */,
				802047971EBF394700DB582A /* FeedbackTableViewCell.swift */,
				80E7751F1EAC87EE009E553A /* LessonTableViewController.swift */,
			);
			name = MainList;
			sourceTree = "<group>";
		};
		80E775281EACA001009E553A /* Login */ = {
			isa = PBXGroup;
			children = (
				80E775051EAC6EEC009E553A /* LoginController.swift */,
			);
			name = Login;
			sourceTree = "<group>";
		};
		E3848A0B5A83F06B7941D893 /* Pods */ = {
			isa = PBXGroup;
			children = (
				634BDE4B6E1CACA76F1C8AD7 /* Pods-FinalProject.debug.xcconfig */,
				6636096D8305B7067CBEF674 /* Pods-FinalProject.release.xcconfig */,
			);
			name = Pods;
			sourceTree = "<group>";
		};
/* End PBXGroup section */

/* Begin PBXNativeTarget section */
		80E774FF1EAC6EEC009E553A /* FinalProject */ = {
			isa = PBXNativeTarget;
			buildConfigurationList = 80E775121EAC6EEC009E553A /* Build configuration list for PBXNativeTarget "FinalProject" */;
			buildPhases = (
				9D04B3BABFB877DFFFD13297 /* [CP] Check Pods Manifest.lock */,
				80E774FC1EAC6EEC009E553A /* Sources */,
				80E774FD1EAC6EEC009E553A /* Frameworks */,
				80E774FE1EAC6EEC009E553A /* Resources */,
				DEDA27BEFED12F8629BEB66F /* [CP] Embed Pods Frameworks */,
				8BB9DD67262BBEB648F1E88F /* [CP] Copy Pods Resources */,
			);
			buildRules = (
			);
			dependencies = (
			);
			name = FinalProject;
			productName = FinalProject;
			productReference = 80E775001EAC6EEC009E553A /* FinalProject.app */;
			productType = "com.apple.product-type.application";
		};
/* End PBXNativeTarget section */

/* Begin PBXProject section */
		80E774F81EAC6EEC009E553A /* Project object */ = {
			isa = PBXProject;
			attributes = {
				LastSwiftUpdateCheck = 0830;
				LastUpgradeCheck = 0830;
				ORGANIZATIONNAME = jexwang;
				TargetAttributes = {
					80E774FF1EAC6EEC009E553A = {
						CreatedOnToolsVersion = 8.3.2;
						DevelopmentTeam = YD5TB6T2X8;
						ProvisioningStyle = Automatic;
						SystemCapabilities = {
							com.apple.Push = {
								enabled = 1;
							};
						};
					};
				};
			};
			buildConfigurationList = 80E774FB1EAC6EEC009E553A /* Build configuration list for PBXProject "FinalProject" */;
			compatibilityVersion = "Xcode 3.2";
			developmentRegion = English;
			hasScannedForEncodings = 0;
			knownRegions = (
				en,
				Base,
			);
			mainGroup = 80E774F71EAC6EEC009E553A;
			productRefGroup = 80E775011EAC6EEC009E553A /* Products */;
			projectDirPath = "";
			projectRoot = "";
			targets = (
				80E774FF1EAC6EEC009E553A /* FinalProject */,
			);
		};
/* End PBXProject section */

/* Begin PBXResourcesBuildPhase section */
		80E774FE1EAC6EEC009E553A /* Resources */ = {
			isa = PBXResourcesBuildPhase;
			buildActionMask = 2147483647;
			files = (
				80E7750E1EAC6EEC009E553A /* LaunchScreen.storyboard in Resources */,
				80E7750B1EAC6EEC009E553A /* Assets.xcassets in Resources */,
				802877131EB46A66009451F8 /* GoogleService-Info.plist in Resources */,
				80E775261EAC96AD009E553A /* MainCollectionViewCell.xib in Resources */,
				80E775091EAC6EEC009E553A /* Main.storyboard in Resources */,
			);
			runOnlyForDeploymentPostprocessing = 0;
		};
/* End PBXResourcesBuildPhase section */

/* Begin PBXShellScriptBuildPhase section */
		8BB9DD67262BBEB648F1E88F /* [CP] Copy Pods Resources */ = {
			isa = PBXShellScriptBuildPhase;
			buildActionMask = 2147483647;
			files = (
			);
			inputPaths = (
			);
			name = "[CP] Copy Pods Resources";
			outputPaths = (
			);
			runOnlyForDeploymentPostprocessing = 0;
			shellPath = /bin/sh;
			shellScript = "\"${SRCROOT}/Pods/Target Support Files/Pods-FinalProject/Pods-FinalProject-resources.sh\"\n";
			showEnvVarsInLog = 0;
		};
		9D04B3BABFB877DFFFD13297 /* [CP] Check Pods Manifest.lock */ = {
			isa = PBXShellScriptBuildPhase;
			buildActionMask = 2147483647;
			files = (
			);
			inputPaths = (
			);
			name = "[CP] Check Pods Manifest.lock";
			outputPaths = (
			);
			runOnlyForDeploymentPostprocessing = 0;
			shellPath = /bin/sh;
			shellScript = "diff \"${PODS_ROOT}/../Podfile.lock\" \"${PODS_ROOT}/Manifest.lock\" > /dev/null\nif [ $? != 0 ] ; then\n    # print error to STDERR\n    echo \"error: The sandbox is not in sync with the Podfile.lock. Run 'pod install' or update your CocoaPods installation.\" >&2\n    exit 1\nfi\n";
			showEnvVarsInLog = 0;
		};
		DEDA27BEFED12F8629BEB66F /* [CP] Embed Pods Frameworks */ = {
			isa = PBXShellScriptBuildPhase;
			buildActionMask = 2147483647;
			files = (
			);
			inputPaths = (
			);
			name = "[CP] Embed Pods Frameworks";
			outputPaths = (
			);
			runOnlyForDeploymentPostprocessing = 0;
			shellPath = /bin/sh;
			shellScript = "\"${SRCROOT}/Pods/Target Support Files/Pods-FinalProject/Pods-FinalProject-frameworks.sh\"\n";
			showEnvVarsInLog = 0;
		};
/* End PBXShellScriptBuildPhase section */

/* Begin PBXSourcesBuildPhase section */
		80E774FC1EAC6EEC009E553A /* Sources */ = {
			isa = PBXSourcesBuildPhase;
			buildActionMask = 2147483647;
			files = (
				8005DD861EAE12E8008C1C46 /* DetailViewController.swift in Sources */,
				80E775221EAC8CBA009E553A /* MainData.swift in Sources */,
				8005DD8A1EAE173A008C1C46 /* StudentsCollectionViewCell.swift in Sources */,
				8005DD881EAE15E1008C1C46 /* StudentsCollectionViewController.swift in Sources */,
				80E775241EAC94E0009E553A /* MainCollectionViewCell.swift in Sources */,
				80E775061EAC6EEC009E553A /* LoginController.swift in Sources */,
				80E775041EAC6EEC009E553A /* AppDelegate.swift in Sources */,
				80E775181EAC7BC4009E553A /* Library.swift in Sources */,
				80E7751E1EAC86C0009E553A /* MainViewController.swift in Sources */,
				80E7752A1EACA6EC009E553A /* DetailTableViewController.swift in Sources */,
				802047981EBF394700DB582A /* FeedbackTableViewCell.swift in Sources */,
				495D05401EB0F6BB00E8C293 /* UserInfoTableViewController.swift in Sources */,
				80E7751C1EAC85CB009E553A /* ExamListTableViewController.swift in Sources */,
				495D05481EB0F75900E8C293 /* SettingTableViewCell.swift in Sources */,
				800732791EB62B4C0019EC52 /* OnlineGmViewController.swift in Sources */,
				80E7751A1EAC7EFB009E553A /* Auth.swift in Sources */,
				495D05461EB0F74400E8C293 /* SettingTableViewController.swift in Sources */,
				80E775201EAC87EE009E553A /* LessonTableViewController.swift in Sources */,
				495D053D1EB0E46200E8C293 /* SideMenuTableViewController.swift in Sources */,
				495D05431EB0F6F300E8C293 /* ConnectionUsTableViewController.swift in Sources */,
			);
			runOnlyForDeploymentPostprocessing = 0;
		};
/* End PBXSourcesBuildPhase section */

/* Begin PBXVariantGroup section */
		80E775071EAC6EEC009E553A /* Main.storyboard */ = {
			isa = PBXVariantGroup;
			children = (
				80E775081EAC6EEC009E553A /* Base */,
			);
			name = Main.storyboard;
			sourceTree = "<group>";
		};
		80E7750C1EAC6EEC009E553A /* LaunchScreen.storyboard */ = {
			isa = PBXVariantGroup;
			children = (
				80E7750D1EAC6EEC009E553A /* Base */,
			);
			name = LaunchScreen.storyboard;
			sourceTree = "<group>";
		};
/* End PBXVariantGroup section */

/* Begin XCBuildConfiguration section */
		80E775101EAC6EEC009E553A /* Debug */ = {
			isa = XCBuildConfiguration;
			buildSettings = {
				ALWAYS_SEARCH_USER_PATHS = NO;
				CLANG_ANALYZER_NONNULL = YES;
				CLANG_ANALYZER_NUMBER_OBJECT_CONVERSION = YES_AGGRESSIVE;
				CLANG_CXX_LANGUAGE_STANDARD = "gnu++0x";
				CLANG_CXX_LIBRARY = "libc++";
				CLANG_ENABLE_MODULES = YES;
				CLANG_ENABLE_OBJC_ARC = YES;
				CLANG_WARN_BOOL_CONVERSION = YES;
				CLANG_WARN_CONSTANT_CONVERSION = YES;
				CLANG_WARN_DIRECT_OBJC_ISA_USAGE = YES_ERROR;
				CLANG_WARN_DOCUMENTATION_COMMENTS = YES;
				CLANG_WARN_EMPTY_BODY = YES;
				CLANG_WARN_ENUM_CONVERSION = YES;
				CLANG_WARN_INFINITE_RECURSION = YES;
				CLANG_WARN_INT_CONVERSION = YES;
				CLANG_WARN_OBJC_ROOT_CLASS = YES_ERROR;
				CLANG_WARN_SUSPICIOUS_MOVE = YES;
				CLANG_WARN_UNREACHABLE_CODE = YES;
				CLANG_WARN__DUPLICATE_METHOD_MATCH = YES;
				"CODE_SIGN_IDENTITY[sdk=iphoneos*]" = "iPhone Developer";
				COPY_PHASE_STRIP = NO;
				DEBUG_INFORMATION_FORMAT = dwarf;
				ENABLE_STRICT_OBJC_MSGSEND = YES;
				ENABLE_TESTABILITY = YES;
				GCC_C_LANGUAGE_STANDARD = gnu99;
				GCC_DYNAMIC_NO_PIC = NO;
				GCC_NO_COMMON_BLOCKS = YES;
				GCC_OPTIMIZATION_LEVEL = 0;
				GCC_PREPROCESSOR_DEFINITIONS = (
					"DEBUG=1",
					"$(inherited)",
				);
				GCC_WARN_64_TO_32_BIT_CONVERSION = YES;
				GCC_WARN_ABOUT_RETURN_TYPE = YES_ERROR;
				GCC_WARN_UNDECLARED_SELECTOR = YES;
				GCC_WARN_UNINITIALIZED_AUTOS = YES_AGGRESSIVE;
				GCC_WARN_UNUSED_FUNCTION = YES;
				GCC_WARN_UNUSED_VARIABLE = YES;
				IPHONEOS_DEPLOYMENT_TARGET = 10.3;
				MTL_ENABLE_DEBUG_INFO = YES;
				ONLY_ACTIVE_ARCH = YES;
				SDKROOT = iphoneos;
				SWIFT_ACTIVE_COMPILATION_CONDITIONS = DEBUG;
				SWIFT_OPTIMIZATION_LEVEL = "-Onone";
				TARGETED_DEVICE_FAMILY = "1,2";
			};
			name = Debug;
		};
		80E775111EAC6EEC009E553A /* Release */ = {
			isa = XCBuildConfiguration;
			buildSettings = {
				ALWAYS_SEARCH_USER_PATHS = NO;
				CLANG_ANALYZER_NONNULL = YES;
				CLANG_ANALYZER_NUMBER_OBJECT_CONVERSION = YES_AGGRESSIVE;
				CLANG_CXX_LANGUAGE_STANDARD = "gnu++0x";
				CLANG_CXX_LIBRARY = "libc++";
				CLANG_ENABLE_MODULES = YES;
				CLANG_ENABLE_OBJC_ARC = YES;
				CLANG_WARN_BOOL_CONVERSION = YES;
				CLANG_WARN_CONSTANT_CONVERSION = YES;
				CLANG_WARN_DIRECT_OBJC_ISA_USAGE = YES_ERROR;
				CLANG_WARN_DOCUMENTATION_COMMENTS = YES;
				CLANG_WARN_EMPTY_BODY = YES;
				CLANG_WARN_ENUM_CONVERSION = YES;
				CLANG_WARN_INFINITE_RECURSION = YES;
				CLANG_WARN_INT_CONVERSION = YES;
				CLANG_WARN_OBJC_ROOT_CLASS = YES_ERROR;
				CLANG_WARN_SUSPICIOUS_MOVE = YES;
				CLANG_WARN_UNREACHABLE_CODE = YES;
				CLANG_WARN__DUPLICATE_METHOD_MATCH = YES;
				"CODE_SIGN_IDENTITY[sdk=iphoneos*]" = "iPhone Developer";
				COPY_PHASE_STRIP = NO;
				DEBUG_INFORMATION_FORMAT = "dwarf-with-dsym";
				ENABLE_NS_ASSERTIONS = NO;
				ENABLE_STRICT_OBJC_MSGSEND = YES;
				GCC_C_LANGUAGE_STANDARD = gnu99;
				GCC_NO_COMMON_BLOCKS = YES;
				GCC_WARN_64_TO_32_BIT_CONVERSION = YES;
				GCC_WARN_ABOUT_RETURN_TYPE = YES_ERROR;
				GCC_WARN_UNDECLARED_SELECTOR = YES;
				GCC_WARN_UNINITIALIZED_AUTOS = YES_AGGRESSIVE;
				GCC_WARN_UNUSED_FUNCTION = YES;
				GCC_WARN_UNUSED_VARIABLE = YES;
				IPHONEOS_DEPLOYMENT_TARGET = 10.3;
				MTL_ENABLE_DEBUG_INFO = NO;
				SDKROOT = iphoneos;
				SWIFT_OPTIMIZATION_LEVEL = "-Owholemodule";
				TARGETED_DEVICE_FAMILY = "1,2";
				VALIDATE_PRODUCT = YES;
			};
			name = Release;
		};
		80E775131EAC6EEC009E553A /* Debug */ = {
			isa = XCBuildConfiguration;
			baseConfigurationReference = 634BDE4B6E1CACA76F1C8AD7 /* Pods-FinalProject.debug.xcconfig */;
			buildSettings = {
				ASSETCATALOG_COMPILER_APPICON_NAME = AppIcon;
				CODE_SIGN_ENTITLEMENTS = FinalProject/FinalProject.entitlements;
				DEVELOPMENT_TEAM = YD5TB6T2X8;
				INFOPLIST_FILE = FinalProject/Info.plist;
				IPHONEOS_DEPLOYMENT_TARGET = 10.2;
				LD_RUNPATH_SEARCH_PATHS = "$(inherited) @executable_path/Frameworks";
				PRODUCT_BUNDLE_IDENTIFIER = com.alphacamp.Goblinlab;
				PRODUCT_NAME = "$(TARGET_NAME)";
				SWIFT_VERSION = 3.0;
			};
			name = Debug;
		};
		80E775141EAC6EEC009E553A /* Release */ = {
			isa = XCBuildConfiguration;
			baseConfigurationReference = 6636096D8305B7067CBEF674 /* Pods-FinalProject.release.xcconfig */;
			buildSettings = {
				ASSETCATALOG_COMPILER_APPICON_NAME = AppIcon;
				CODE_SIGN_ENTITLEMENTS = FinalProject/FinalProject.entitlements;
				DEVELOPMENT_TEAM = YD5TB6T2X8;
				INFOPLIST_FILE = FinalProject/Info.plist;
				IPHONEOS_DEPLOYMENT_TARGET = 10.2;
				LD_RUNPATH_SEARCH_PATHS = "$(inherited) @executable_path/Frameworks";
				PRODUCT_BUNDLE_IDENTIFIER = com.alphacamp.Goblinlab;
				PRODUCT_NAME = "$(TARGET_NAME)";
				SWIFT_VERSION = 3.0;
			};
			name = Release;
		};
/* End XCBuildConfiguration section */

/* Begin XCConfigurationList section */
		80E774FB1EAC6EEC009E553A /* Build configuration list for PBXProject "FinalProject" */ = {
			isa = XCConfigurationList;
			buildConfigurations = (
				80E775101EAC6EEC009E553A /* Debug */,
				80E775111EAC6EEC009E553A /* Release */,
			);
			defaultConfigurationIsVisible = 0;
			defaultConfigurationName = Release;
		};
		80E775121EAC6EEC009E553A /* Build configuration list for PBXNativeTarget "FinalProject" */ = {
			isa = XCConfigurationList;
			buildConfigurations = (
				80E775131EAC6EEC009E553A /* Debug */,
				80E775141EAC6EEC009E553A /* Release */,
			);
			defaultConfigurationIsVisible = 0;
			defaultConfigurationName = Release;
		};
/* End XCConfigurationList section */
	};
	rootObject = 80E774F81EAC6EEC009E553A /* Project object */;
}
